
Microsoft Visual Studio Solution File, Format Version 12.00
# Visual Studio 15
VisualStudioVersion = 15.0.28307.572
MinimumVisualStudioVersion = 10.0.40219.1
Project("{9A19103F-16F7-4668-BE54-9A1E7A4F7556}") = "EasyCRMCoreApi", "EasyCRMCoreApi\EasyCRMCoreApi.csproj", "{B9B021B3-8C50-4FA7-ACD0-428FEA6B74AA}"
EndProject
Project("{9A19103F-16F7-4668-BE54-9A1E7A4F7556}") = "CRMBusiness", "CRMBusiness\CRMBusiness.csproj", "{3BD71970-E5F8-43C5-93E8-25F42B6FC31F}"
EndProject
Project("{9A19103F-16F7-4668-BE54-9A1E7A4F7556}") = "CRMDal", "CRMDal\CRMDal.csproj", "{AFF24FA1-D611-4F68-A0A9-5EB948BFCB61}"
EndProject
Project("{FAE04EC0-301F-11D3-BF4B-00C04F79EFBC}") = "Common", "Common\Common.csproj", "{80E5A3FB-0ED9-43D6-874E-3B3726D99006}"
EndProject
Global
	GlobalSection(SolutionConfigurationPlatforms) = preSolution
		Debug|Any CPU = Debug|Any CPU
		Release|Any CPU = Release|Any CPU
	EndGlobalSection
	GlobalSection(ProjectConfigurationPlatforms) = postSolution
		{B9B021B3-8C50-4FA7-ACD0-428FEA6B74AA}.Debug|Any CPU.ActiveCfg = Debug|Any CPU
		{B9B021B3-8C50-4FA7-ACD0-428FEA6B74AA}.Debug|Any CPU.Build.0 = Debug|Any CPU
		{B9B021B3-8C50-4FA7-ACD0-428FEA6B74AA}.Release|Any CPU.ActiveCfg = Release|Any CPU
		{B9B021B3-8C50-4FA7-ACD0-428FEA6B74AA}.Release|Any CPU.Build.0 = Release|Any CPU
		{3BD71970-E5F8-43C5-93E8-25F42B6FC31F}.Debug|Any CPU.ActiveCfg = Debug|Any CPU
		{3BD71970-E5F8-43C5-93E8-25F42B6FC31F}.Debug|Any CPU.Build.0 = Debug|Any CPU
		{3BD71970-E5F8-43C5-93E8-25F42B6FC31F}.Release|Any CPU.ActiveCfg = Release|Any CPU
		{3BD71970-E5F8-43C5-93E8-25F42B6FC31F}.Release|Any CPU.Build.0 = Release|Any CPU
		{AFF24FA1-D611-4F68-A0A9-5EB948BFCB61}.Debug|Any CPU.ActiveCfg = Debug|Any CPU
		{AFF24FA1-D611-4F68-A0A9-5EB948BFCB61}.Debug|Any CPU.Build.0 = Debug|Any CPU
		{AFF24FA1-D611-4F68-A0A9-5EB948BFCB61}.Release|Any CPU.ActiveCfg = Release|Any CPU
		{AFF24FA1-D611-4F68-A0A9-5EB948BFCB61}.Release|Any CPU.Build.0 = Release|Any CPU
		{80E5A3FB-0ED9-43D6-874E-3B3726D99006}.Debug|Any CPU.ActiveCfg = Debug|Any CPU
		{80E5A3FB-0ED9-43D6-874E-3B3726D99006}.Debug|Any CPU.Build.0 = Debug|Any CPU
		{80E5A3FB-0ED9-43D6-874E-3B3726D99006}.Release|Any CPU.ActiveCfg = Release|Any CPU
		{80E5A3FB-0ED9-43D6-874E-3B3726D99006}.Release|Any CPU.Build.0 = Release|Any CPU
	EndGlobalSection
	GlobalSection(SolutionProperties) = preSolution
		HideSolutionNode = FALSE
	EndGlobalSection
	GlobalSection(ExtensibilityGlobals) = postSolution
		SolutionGuid = {092EF795-8C7A-46F6-9C0F-79F596C4EF84}
	EndGlobalSection
EndGlobal
