
Microsoft Visual Studio Solution File, Format Version 12.00
# Visual Studio 15
VisualStudioVersion = 15.0.27004.2002
MinimumVisualStudioVersion = 10.0.40219.1
Project("{FAE04EC0-301F-11D3-BF4B-00C04F79EFBC}") = "EasyCRMApi", "EasyCRMApi\EasyCRMApi.csproj", "{ADA703DB-668F-4CEA-A712-713ED29BF425}"
EndProject
Project("{FAE04EC0-301F-11D3-BF4B-00C04F79EFBC}") = "CRMBusiness", "CRMBusiness\CRMBusiness.csproj", "{8E06112A-9EFC-4EB7-A9E2-ABACCE431CEC}"
EndProject
Project("{FAE04EC0-301F-11D3-BF4B-00C04F79EFBC}") = "CRMDal", "CRMDal\CRMDal.csproj", "{D2555892-DEE5-4924-9C80-68F539A17A62}"
EndProject
Global
	GlobalSection(SolutionConfigurationPlatforms) = preSolution
		Debug|Any CPU = Debug|Any CPU
		Release|Any CPU = Release|Any CPU
	EndGlobalSection
	GlobalSection(ProjectConfigurationPlatforms) = postSolution
		{ADA703DB-668F-4CEA-A712-713ED29BF425}.Debug|Any CPU.ActiveCfg = Debug|Any CPU
		{ADA703DB-668F-4CEA-A712-713ED29BF425}.Debug|Any CPU.Build.0 = Debug|Any CPU
		{ADA703DB-668F-4CEA-A712-713ED29BF425}.Release|Any CPU.ActiveCfg = Release|Any CPU
		{ADA703DB-668F-4CEA-A712-713ED29BF425}.Release|Any CPU.Build.0 = Release|Any CPU
		{8E06112A-9EFC-4EB7-A9E2-ABACCE431CEC}.Debug|Any CPU.ActiveCfg = Debug|Any CPU
		{8E06112A-9EFC-4EB7-A9E2-ABACCE431CEC}.Debug|Any CPU.Build.0 = Debug|Any CPU
		{8E06112A-9EFC-4EB7-A9E2-ABACCE431CEC}.Release|Any CPU.ActiveCfg = Release|Any CPU
		{8E06112A-9EFC-4EB7-A9E2-ABACCE431CEC}.Release|Any CPU.Build.0 = Release|Any CPU
		{D2555892-DEE5-4924-9C80-68F539A17A62}.Debug|Any CPU.ActiveCfg = Debug|Any CPU
		{D2555892-DEE5-4924-9C80-68F539A17A62}.Debug|Any CPU.Build.0 = Debug|Any CPU
		{D2555892-DEE5-4924-9C80-68F539A17A62}.Release|Any CPU.ActiveCfg = Release|Any CPU
		{D2555892-DEE5-4924-9C80-68F539A17A62}.Release|Any CPU.Build.0 = Release|Any CPU
	EndGlobalSection
	GlobalSection(SolutionProperties) = preSolution
		HideSolutionNode = FALSE
	EndGlobalSection
	GlobalSection(ExtensibilityGlobals) = postSolution
		SolutionGuid = {1FBF58A1-2020-45A7-AD80-0A229F4D5D3F}
	EndGlobalSection
EndGlobal
